
Microsoft Visual Studio Solution File, Format Version 12.00
# Visual Studio Version 16
VisualStudioVersion = 16.0.31313.79
MinimumVisualStudioVersion = 10.0.40219.1
Project("{FAE04EC0-301F-11D3-BF4B-00C04F79EFBC}") = "EFdemo", "EFdemo\EFdemo.csproj", "{5F90AEDE-BDFC-4C93-9F66-66BCE925752B}"
EndProject
Global
	GlobalSection(SolutionConfigurationPlatforms) = preSolution
		Debug|Any CPU = Debug|Any CPU
		Release|Any CPU = Release|Any CPU
	EndGlobalSection
	GlobalSection(ProjectConfigurationPlatforms) = postSolution
		{5F90AEDE-BDFC-4C93-9F66-66BCE925752B}.Debug|Any CPU.ActiveCfg = Debug|Any CPU
		{5F90AEDE-BDFC-4C93-9F66-66BCE925752B}.Debug|Any CPU.Build.0 = Debug|Any CPU
		{5F90AEDE-BDFC-4C93-9F66-66BCE925752B}.Release|Any CPU.ActiveCfg = Release|Any CPU
		{5F90AEDE-BDFC-4C93-9F66-66BCE925752B}.Release|Any CPU.Build.0 = Release|Any CPU
	EndGlobalSection
	GlobalSection(SolutionProperties) = preSolution
		HideSolutionNode = FALSE
	EndGlobalSection
	GlobalSection(ExtensibilityGlobals) = postSolution
		SolutionGuid = {BA473F5F-6097-4848-8307-DCEE7AD37F5F}
	EndGlobalSection
EndGlobal
